
Microsoft Visual Studio Solution File, Format Version 12.00
# Visual Studio Version 16
VisualStudioVersion = 16.0.31613.86
MinimumVisualStudioVersion = 10.0.40219.1
Project("{FAE04EC0-301F-11D3-BF4B-00C04F79EFBC}") = "Calculadora", "Calculadora\Calculadora.csproj", "{500FC2E6-B5D8-4A8F-85CB-03B916DFB911}"
EndProject
Project("{FAE04EC0-301F-11D3-BF4B-00C04F79EFBC}") = "Calculadora.Tests", "Calculadora.Tests\Calculadora.Tests.csproj", "{C3807B68-2AE0-41BE-AD07-9399270A99E0}"
EndProject
Global
	GlobalSection(SolutionConfigurationPlatforms) = preSolution
		Debug|Any CPU = Debug|Any CPU
		Release|Any CPU = Release|Any CPU
	EndGlobalSection
	GlobalSection(ProjectConfigurationPlatforms) = postSolution
		{500FC2E6-B5D8-4A8F-85CB-03B916DFB911}.Debug|Any CPU.ActiveCfg = Debug|Any CPU
		{500FC2E6-B5D8-4A8F-85CB-03B916DFB911}.Debug|Any CPU.Build.0 = Debug|Any CPU
		{500FC2E6-B5D8-4A8F-85CB-03B916DFB911}.Release|Any CPU.ActiveCfg = Release|Any CPU
		{500FC2E6-B5D8-4A8F-85CB-03B916DFB911}.Release|Any CPU.Build.0 = Release|Any CPU
		{C3807B68-2AE0-41BE-AD07-9399270A99E0}.Debug|Any CPU.ActiveCfg = Debug|Any CPU
		{C3807B68-2AE0-41BE-AD07-9399270A99E0}.Debug|Any CPU.Build.0 = Debug|Any CPU
		{C3807B68-2AE0-41BE-AD07-9399270A99E0}.Release|Any CPU.ActiveCfg = Release|Any CPU
		{C3807B68-2AE0-41BE-AD07-9399270A99E0}.Release|Any CPU.Build.0 = Release|Any CPU
	EndGlobalSection
	GlobalSection(SolutionProperties) = preSolution
		HideSolutionNode = FALSE
	EndGlobalSection
	GlobalSection(ExtensibilityGlobals) = postSolution
		SolutionGuid = {09D00071-0D91-4927-A045-BB9BEE9F004A}
	EndGlobalSection
EndGlobal
